
Microsoft Visual Studio Solution File, Format Version 12.00
# Visual Studio Version 16
VisualStudioVersion = 16.0.30002.166
MinimumVisualStudioVersion = 10.0.40219.1
Project("{9A19103F-16F7-4668-BE54-9A1E7A4F7556}") = "SamuraiApp.Domain", "SamuraiApp.Domain\SamuraiApp.Domain.csproj", "{81A8CCFF-7BA4-4380-BF4A-8310D2DAB6A4}"
EndProject
Project("{9A19103F-16F7-4668-BE54-9A1E7A4F7556}") = "SamuraiApp.Data", "SamuraiApp.Data\SamuraiApp.Data.csproj", "{868F88B1-9902-4F9B-8D80-03BF1CF6BD31}"
EndProject
Project("{9A19103F-16F7-4668-BE54-9A1E7A4F7556}") = "Tests", "Tests\Tests.csproj", "{FFC90657-A659-4EE4-8087-AE10A5E8346C}"
EndProject
Project("{FAE04EC0-301F-11D3-BF4B-00C04F79EFBC}") = "ConsoleApp1", "ConsoleApp1\ConsoleApp1.csproj", "{E8AA813B-D14C-4B89-BDD9-7AEA2E33A77C}"
EndProject
Global
	GlobalSection(SolutionConfigurationPlatforms) = preSolution
		Debug|Any CPU = Debug|Any CPU
		Release|Any CPU = Release|Any CPU
	EndGlobalSection
	GlobalSection(ProjectConfigurationPlatforms) = postSolution
		{81A8CCFF-7BA4-4380-BF4A-8310D2DAB6A4}.Debug|Any CPU.ActiveCfg = Debug|Any CPU
		{81A8CCFF-7BA4-4380-BF4A-8310D2DAB6A4}.Debug|Any CPU.Build.0 = Debug|Any CPU
		{81A8CCFF-7BA4-4380-BF4A-8310D2DAB6A4}.Release|Any CPU.ActiveCfg = Release|Any CPU
		{81A8CCFF-7BA4-4380-BF4A-8310D2DAB6A4}.Release|Any CPU.Build.0 = Release|Any CPU
		{868F88B1-9902-4F9B-8D80-03BF1CF6BD31}.Debug|Any CPU.ActiveCfg = Debug|Any CPU
		{868F88B1-9902-4F9B-8D80-03BF1CF6BD31}.Debug|Any CPU.Build.0 = Debug|Any CPU
		{868F88B1-9902-4F9B-8D80-03BF1CF6BD31}.Release|Any CPU.ActiveCfg = Release|Any CPU
		{868F88B1-9902-4F9B-8D80-03BF1CF6BD31}.Release|Any CPU.Build.0 = Release|Any CPU
		{FFC90657-A659-4EE4-8087-AE10A5E8346C}.Debug|Any CPU.ActiveCfg = Debug|Any CPU
		{FFC90657-A659-4EE4-8087-AE10A5E8346C}.Debug|Any CPU.Build.0 = Debug|Any CPU
		{FFC90657-A659-4EE4-8087-AE10A5E8346C}.Release|Any CPU.ActiveCfg = Release|Any CPU
		{FFC90657-A659-4EE4-8087-AE10A5E8346C}.Release|Any CPU.Build.0 = Release|Any CPU
		{E8AA813B-D14C-4B89-BDD9-7AEA2E33A77C}.Debug|Any CPU.ActiveCfg = Debug|Any CPU
		{E8AA813B-D14C-4B89-BDD9-7AEA2E33A77C}.Debug|Any CPU.Build.0 = Debug|Any CPU
		{E8AA813B-D14C-4B89-BDD9-7AEA2E33A77C}.Release|Any CPU.ActiveCfg = Release|Any CPU
		{E8AA813B-D14C-4B89-BDD9-7AEA2E33A77C}.Release|Any CPU.Build.0 = Release|Any CPU
	EndGlobalSection
	GlobalSection(SolutionProperties) = preSolution
		HideSolutionNode = FALSE
	EndGlobalSection
	GlobalSection(ExtensibilityGlobals) = postSolution
		SolutionGuid = {3DA5F7CE-02E1-4AFD-986E-DC12DAEFE1B0}
	EndGlobalSection
EndGlobal
